
Microsoft Visual Studio Solution File, Format Version 12.00
# Visual Studio Version 17
VisualStudioVersion = 17.3.32922.545
MinimumVisualStudioVersion = 10.0.40219.1
Project("{FAE04EC0-301F-11D3-BF4B-00C04F79EFBC}") = "WebForm1.0", "WebForm1.0\WebForm1.0.csproj", "{3686E44A-BBD2-4DAF-A38B-8F63AC60FB26}"
EndProject
Global
	GlobalSection(SolutionConfigurationPlatforms) = preSolution
		Debug|Any CPU = Debug|Any CPU
		Release|Any CPU = Release|Any CPU
	EndGlobalSection
	GlobalSection(ProjectConfigurationPlatforms) = postSolution
		{3686E44A-BBD2-4DAF-A38B-8F63AC60FB26}.Debug|Any CPU.ActiveCfg = Debug|Any CPU
		{3686E44A-BBD2-4DAF-A38B-8F63AC60FB26}.Debug|Any CPU.Build.0 = Debug|Any CPU
		{3686E44A-BBD2-4DAF-A38B-8F63AC60FB26}.Release|Any CPU.ActiveCfg = Release|Any CPU
		{3686E44A-BBD2-4DAF-A38B-8F63AC60FB26}.Release|Any CPU.Build.0 = Release|Any CPU
	EndGlobalSection
	GlobalSection(SolutionProperties) = preSolution
		HideSolutionNode = FALSE
	EndGlobalSection
	GlobalSection(ExtensibilityGlobals) = postSolution
		SolutionGuid = {4210776D-FC3B-40D1-8C56-F53350E4ECBE}
	EndGlobalSection
EndGlobal
